
Microsoft Visual Studio Solution File, Format Version 12.00
# Visual Studio Version 17
VisualStudioVersion = 17.5.33627.172
MinimumVisualStudioVersion = 10.0.40219.1
Project("{FAE04EC0-301F-11D3-BF4B-00C04F79EFBC}") = "SpichHelper", "SpichHelper\SpichHelper.csproj", "{1F6EE2F6-ADBA-4256-AF57-E74BA216E691}"
EndProject
Global
	GlobalSection(SolutionConfigurationPlatforms) = preSolution
		Debug|Any CPU = Debug|Any CPU
		Release|Any CPU = Release|Any CPU
	EndGlobalSection
	GlobalSection(ProjectConfigurationPlatforms) = postSolution
		{1F6EE2F6-ADBA-4256-AF57-E74BA216E691}.Debug|Any CPU.ActiveCfg = Debug|Any CPU
		{1F6EE2F6-ADBA-4256-AF57-E74BA216E691}.Debug|Any CPU.Build.0 = Debug|Any CPU
		{1F6EE2F6-ADBA-4256-AF57-E74BA216E691}.Release|Any CPU.ActiveCfg = Release|Any CPU
		{1F6EE2F6-ADBA-4256-AF57-E74BA216E691}.Release|Any CPU.Build.0 = Release|Any CPU
	EndGlobalSection
	GlobalSection(SolutionProperties) = preSolution
		HideSolutionNode = FALSE
	EndGlobalSection
	GlobalSection(ExtensibilityGlobals) = postSolution
		SolutionGuid = {4AD6D091-14AB-48AB-929F-834CCC1D87A1}
	EndGlobalSection
EndGlobal
